// !$*UTF8*$!
{
	archiveVersion = 1;
	classes = {
	};
	objectVersion = 46;
	objects = {

/* Begin PBXBuildFile section */
		67E8176C1B79A71D0062A606 /* AppDelegate.swift in Sources */ = {isa = PBXBuildFile; fileRef = 67E8176B1B79A71D0062A606 /* AppDelegate.swift */; };
		67E8176F1B79A71D0062A606 /* Anchor_Man.xcdatamodeld in Sources */ = {isa = PBXBuildFile; fileRef = 67E8176D1B79A71D0062A606 /* Anchor_Man.xcdatamodeld */; };
		67E817711B79A71D0062A606 /* ViewController.swift in Sources */ = {isa = PBXBuildFile; fileRef = 67E817701B79A71D0062A606 /* ViewController.swift */; };
		67E817741B79A71D0062A606 /* Main.storyboard in Resources */ = {isa = PBXBuildFile; fileRef = 67E817721B79A71D0062A606 /* Main.storyboard */; };
		67E817761B79A71D0062A606 /* Images.xcassets in Resources */ = {isa = PBXBuildFile; fileRef = 67E817751B79A71D0062A606 /* Images.xcassets */; };
		67E817791B79A71D0062A606 /* LaunchScreen.xib in Resources */ = {isa = PBXBuildFile; fileRef = 67E817771B79A71D0062A606 /* LaunchScreen.xib */; };
		67E817851B79A71D0062A606 /* Anchor_ManTests.swift in Sources */ = {isa = PBXBuildFile; fileRef = 67E817841B79A71D0062A606 /* Anchor_ManTests.swift */; };
		67E817901B79ADB20062A606 /* mario-clouds.jpg in Resources */ = {isa = PBXBuildFile; fileRef = 67E8178F1B79ADB20062A606 /* mario-clouds.jpg */; };
		67E817921B7C44DB0062A606 /* ResultViewController.swift in Sources */ = {isa = PBXBuildFile; fileRef = 67E817911B7C44DB0062A606 /* ResultViewController.swift */; };
/* End PBXBuildFile section */

/* Begin PBXContainerItemProxy section */
		67E8177F1B79A71D0062A606 /* PBXContainerItemProxy */ = {
			isa = PBXContainerItemProxy;
			containerPortal = 67E8175E1B79A71D0062A606 /* Project object */;
			proxyType = 1;
			remoteGlobalIDString = 67E817651B79A71D0062A606;
			remoteInfo = "Anchor Man";
		};
/* End PBXContainerItemProxy section */

/* Begin PBXFileReference section */
		67E817661B79A71D0062A606 /* Anchor Man.app */ = {isa = PBXFileReference; explicitFileType = wrapper.application; includeInIndex = 0; path = "Anchor Man.app"; sourceTree = BUILT_PRODUCTS_DIR; };
		67E8176A1B79A71D0062A606 /* Info.plist */ = {isa = PBXFileReference; lastKnownFileType = text.plist.xml; path = Info.plist; sourceTree = "<group>"; };
		67E8176B1B79A71D0062A606 /* AppDelegate.swift */ = {isa = PBXFileReference; lastKnownFileType = sourcecode.swift; path = AppDelegate.swift; sourceTree = "<group>"; };
		67E8176E1B79A71D0062A606 /* Anchor_Man.xcdatamodel */ = {isa = PBXFileReference; lastKnownFileType = wrapper.xcdatamodel; path = Anchor_Man.xcdatamodel; sourceTree = "<group>"; };
		67E817701B79A71D0062A606 /* ViewController.swift */ = {isa = PBXFileReference; lastKnownFileType = sourcecode.swift; path = ViewController.swift; sourceTree = "<group>"; };
		67E817731B79A71D0062A606 /* Base */ = {isa = PBXFileReference; lastKnownFileType = file.storyboard; name = Base; path = Base.lproj/Main.storyboard; sourceTree = "<group>"; };
		67E817751B79A71D0062A606 /* Images.xcassets */ = {isa = PBXFileReference; lastKnownFileType = folder.assetcatalog; path = Images.xcassets; sourceTree = "<group>"; };
		67E817781B79A71D0062A606 /* Base */ = {isa = PBXFileReference; lastKnownFileType = file.xib; name = Base; path = Base.lproj/LaunchScreen.xib; sourceTree = "<group>"; };
		67E8177E1B79A71D0062A606 /* Anchor ManTests.xctest */ = {isa = PBXFileReference; explicitFileType = wrapper.cfbundle; includeInIndex = 0; path = "Anchor ManTests.xctest"; sourceTree = BUILT_PRODUCTS_DIR; };
		67E817831B79A71D0062A606 /* Info.plist */ = {isa = PBXFileReference; lastKnownFileType = text.plist.xml; path = Info.plist; sourceTree = "<group>"; };
		67E817841B79A71D0062A606 /* Anchor_ManTests.swift */ = {isa = PBXFileReference; lastKnownFileType = sourcecode.swift; path = Anchor_ManTests.swift; sourceTree = "<group>"; };
		67E8178F1B79ADB20062A606 /* mario-clouds.jpg */ = {isa = PBXFileReference; lastKnownFileType = image.jpeg; path = "mario-clouds.jpg"; sourceTree = "<group>"; };
		67E817911B7C44DB0062A606 /* ResultViewController.swift */ = {isa = PBXFileReference; fileEncoding = 4; lastKnownFileType = sourcecode.swift; path = ResultViewController.swift; sourceTree = "<group>"; };
/* End PBXFileReference section */

/* Begin PBXFrameworksBuildPhase section */
		67E817631B79A71D0062A606 /* Frameworks */ = {
			isa = PBXFrameworksBuildPhase;
			buildActionMask = 2147483647;
			files = (
			);
			runOnlyForDeploymentPostprocessing = 0;
		};
		67E8177B1B79A71D0062A606 /* Frameworks */ = {
			isa = PBXFrameworksBuildPhase;
			buildActionMask = 2147483647;
			files = (
			);
			runOnlyForDeploymentPostprocessing = 0;
		};
/* End PBXFrameworksBuildPhase section */

/* Begin PBXGroup section */
		67E8175D1B79A71D0062A606 = {
			isa = PBXGroup;
			children = (
				67E817681B79A71D0062A606 /* Anchor Man */,
				67E817811B79A71D0062A606 /* Anchor ManTests */,
				67E817671B79A71D0062A606 /* Products */,
			);
			sourceTree = "<group>";
		};
		67E817671B79A71D0062A606 /* Products */ = {
			isa = PBXGroup;
			children = (
				67E817661B79A71D0062A606 /* Anchor Man.app */,
				67E8177E1B79A71D0062A606 /* Anchor ManTests.xctest */,
			);
			name = Products;
			sourceTree = "<group>";
		};
		67E817681B79A71D0062A606 /* Anchor Man */ = {
			isa = PBXGroup;
			children = (
				67E8178E1B79AD960062A606 /* Img */,
				67E8176B1B79A71D0062A606 /* AppDelegate.swift */,
				67E817911B7C44DB0062A606 /* ResultViewController.swift */,
				67E817701B79A71D0062A606 /* ViewController.swift */,
				67E817721B79A71D0062A606 /* Main.storyboard */,
				67E817751B79A71D0062A606 /* Images.xcassets */,
				67E817771B79A71D0062A606 /* LaunchScreen.xib */,
				67E8176D1B79A71D0062A606 /* Anchor_Man.xcdatamodeld */,
				67E817691B79A71D0062A606 /* Supporting Files */,
			);
			path = "Anchor Man";
			sourceTree = "<group>";
		};
		67E817691B79A71D0062A606 /* Supporting Files */ = {
			isa = PBXGroup;
			children = (
				67E8176A1B79A71D0062A606 /* Info.plist */,
			);
			name = "Supporting Files";
			sourceTree = "<group>";
		};
		67E817811B79A71D0062A606 /* Anchor ManTests */ = {
			isa = PBXGroup;
			children = (
				67E817841B79A71D0062A606 /* Anchor_ManTests.swift */,
				67E817821B79A71D0062A606 /* Supporting Files */,
			);
			path = "Anchor ManTests";
			sourceTree = "<group>";
		};
		67E817821B79A71D0062A606 /* Supporting Files */ = {
			isa = PBXGroup;
			children = (
				67E817831B79A71D0062A606 /* Info.plist */,
			);
			name = "Supporting Files";
			sourceTree = "<group>";
		};
		67E8178E1B79AD960062A606 /* Img */ = {
			isa = PBXGroup;
			children = (
				67E8178F1B79ADB20062A606 /* mario-clouds.jpg */,
			);
			name = Img;
			sourceTree = "<group>";
		};
/* End PBXGroup section */

/* Begin PBXNativeTarget section */
		67E817651B79A71D0062A606 /* Anchor Man */ = {
			isa = PBXNativeTarget;
			buildConfigurationList = 67E817881B79A71D0062A606 /* Build configuration list for PBXNativeTarget "Anchor Man" */;
			buildPhases = (
				67E817621B79A71D0062A606 /* Sources */,
				67E817631B79A71D0062A606 /* Frameworks */,
				67E817641B79A71D0062A606 /* Resources */,
			);
			buildRules = (
			);
			dependencies = (
			);
			name = "Anchor Man";
			productName = "Anchor Man";
			productReference = 67E817661B79A71D0062A606 /* Anchor Man.app */;
			productType = "com.apple.product-type.application";
		};
		67E8177D1B79A71D0062A606 /* Anchor ManTests */ = {
			isa = PBXNativeTarget;
			buildConfigurationList = 67E8178B1B79A71D0062A606 /* Build configuration list for PBXNativeTarget "Anchor ManTests" */;
			buildPhases = (
				67E8177A1B79A71D0062A606 /* Sources */,
				67E8177B1B79A71D0062A606 /* Frameworks */,
				67E8177C1B79A71D0062A606 /* Resources */,
			);
			buildRules = (
			);
			dependencies = (
				67E817801B79A71D0062A606 /* PBXTargetDependency */,
			);
			name = "Anchor ManTests";
			productName = "Anchor ManTests";
			productReference = 67E8177E1B79A71D0062A606 /* Anchor ManTests.xctest */;
			productType = "com.apple.product-type.bundle.unit-test";
		};
/* End PBXNativeTarget section */

/* Begin PBXProject section */
		67E8175E1B79A71D0062A606 /* Project object */ = {
			isa = PBXProject;
			attributes = {
				LastUpgradeCheck = 0640;
				ORGANIZATIONNAME = "yoon kevin kang";
				TargetAttributes = {
					67E817651B79A71D0062A606 = {
						CreatedOnToolsVersion = 6.4;
					};
					67E8177D1B79A71D0062A606 = {
						CreatedOnToolsVersion = 6.4;
						TestTargetID = 67E817651B79A71D0062A606;
					};
				};
			};
			buildConfigurationList = 67E817611B79A71D0062A606 /* Build configuration list for PBXProject "Anchor Man" */;
			compatibilityVersion = "Xcode 3.2";
			developmentRegion = English;
			hasScannedForEncodings = 0;
			knownRegions = (
				en,
				Base,
			);
			mainGroup = 67E8175D1B79A71D0062A606;
			productRefGroup = 67E817671B79A71D0062A606 /* Products */;
			projectDirPath = "";
			projectRoot = "";
			targets = (
				67E817651B79A71D0062A606 /* Anchor Man */,
				67E8177D1B79A71D0062A606 /* Anchor ManTests */,
			);
		};
/* End PBXProject section */

/* Begin PBXResourcesBuildPhase section */
		67E817641B79A71D0062A606 /* Resources */ = {
			isa = PBXResourcesBuildPhase;
			buildActionMask = 2147483647;
			files = (
				67E817741B79A71D0062A606 /* Main.storyboard in Resources */,
				67E817791B79A71D0062A606 /* LaunchScreen.xib in Resources */,
				67E817901B79ADB20062A606 /* mario-clouds.jpg in Resources */,
				67E817761B79A71D0062A606 /* Images.xcassets in Resources */,
			);
			runOnlyForDeploymentPostprocessing = 0;
		};
		67E8177C1B79A71D0062A606 /* Resources */ = {
			isa = PBXResourcesBuildPhase;
			buildActionMask = 2147483647;
			files = (
			);
			runOnlyForDeploymentPostprocessing = 0;
		};
/* End PBXResourcesBuildPhase section */

/* Begin PBXSourcesBuildPhase section */
		67E817621B79A71D0062A606 /* Sources */ = {
			isa = PBXSourcesBuildPhase;
			buildActionMask = 2147483647;
			files = (
				67E817711B79A71D0062A606 /* ViewController.swift in Sources */,
				67E8176C1B79A71D0062A606 /* AppDelegate.swift in Sources */,
				67E8176F1B79A71D0062A606 /* Anchor_Man.xcdatamodeld in Sources */,
				67E817921B7C44DB0062A606 /* ResultViewController.swift in Sources */,
			);
			runOnlyForDeploymentPostprocessing = 0;
		};
		67E8177A1B79A71D0062A606 /* Sources */ = {
			isa = PBXSourcesBuildPhase;
			buildActionMask = 2147483647;
			files = (
				67E817851B79A71D0062A606 /* Anchor_ManTests.swift in Sources */,
			);
			runOnlyForDeploymentPostprocessing = 0;
		};
/* End PBXSourcesBuildPhase section */

/* Begin PBXTargetDependency section */
		67E817801B79A71D0062A606 /* PBXTargetDependency */ = {
			isa = PBXTargetDependency;
			target = 67E817651B79A71D0062A606 /* Anchor Man */;
			targetProxy = 67E8177F1B79A71D0062A606 /* PBXContainerItemProxy */;
		};
/* End PBXTargetDependency section */

/* Begin PBXVariantGroup section */
		67E817721B79A71D0062A606 /* Main.storyboard */ = {
			isa = PBXVariantGroup;
			children = (
				67E817731B79A71D0062A606 /* Base */,
			);
			name = Main.storyboard;
			sourceTree = "<group>";
		};
		67E817771B79A71D0062A606 /* LaunchScreen.xib */ = {
			isa = PBXVariantGroup;
			children = (
				67E817781B79A71D0062A606 /* Base */,
			);
			name = LaunchScreen.xib;
			sourceTree = "<group>";
		};
/* End PBXVariantGroup section */

/* Begin XCBuildConfiguration section */
		67E817861B79A71D0062A606 /* Debug */ = {
			isa = XCBuildConfiguration;
			buildSettings = {
				ALWAYS_SEARCH_USER_PATHS = NO;
				CLANG_CXX_LANGUAGE_STANDARD = "gnu++0x";
				CLANG_CXX_LIBRARY = "libc++";
				CLANG_ENABLE_MODULES = YES;
				CLANG_ENABLE_OBJC_ARC = YES;
				CLANG_WARN_BOOL_CONVERSION = YES;
				CLANG_WARN_CONSTANT_CONVERSION = YES;
				CLANG_WARN_DIRECT_OBJC_ISA_USAGE = YES_ERROR;
				CLANG_WARN_EMPTY_BODY = YES;
				CLANG_WARN_ENUM_CONVERSION = YES;
				CLANG_WARN_INT_CONVERSION = YES;
				CLANG_WARN_OBJC_ROOT_CLASS = YES_ERROR;
				CLANG_WARN_UNREACHABLE_CODE = YES;
				CLANG_WARN__DUPLICATE_METHOD_MATCH = YES;
				"CODE_SIGN_IDENTITY[sdk=iphoneos*]" = "iPhone Developer";
				COPY_PHASE_STRIP = NO;
				DEBUG_INFORMATION_FORMAT = "dwarf-with-dsym";
				ENABLE_STRICT_OBJC_MSGSEND = YES;
				GCC_C_LANGUAGE_STANDARD = gnu99;
				GCC_DYNAMIC_NO_PIC = NO;
				GCC_NO_COMMON_BLOCKS = YES;
				GCC_OPTIMIZATION_LEVEL = 0;
				GCC_PREPROCESSOR_DEFINITIONS = (
					"DEBUG=1",
					"$(inherited)",
				);
				GCC_SYMBOLS_PRIVATE_EXTERN = NO;
				GCC_WARN_64_TO_32_BIT_CONVERSION = YES;
				GCC_WARN_ABOUT_RETURN_TYPE = YES_ERROR;
				GCC_WARN_UNDECLARED_SELECTOR = YES;
				GCC_WARN_UNINITIALIZED_AUTOS = YES_AGGRESSIVE;
				GCC_WARN_UNUSED_FUNCTION = YES;
				GCC_WARN_UNUSED_VARIABLE = YES;
				IPHONEOS_DEPLOYMENT_TARGET = 8.4;
				MTL_ENABLE_DEBUG_INFO = YES;
				ONLY_ACTIVE_ARCH = YES;
				SDKROOT = iphoneos;
				SWIFT_OPTIMIZATION_LEVEL = "-Onone";
			};
			name = Debug;
		};
		67E817871B79A71D0062A606 /* Release */ = {
			isa = XCBuildConfiguration;
			buildSettings = {
				ALWAYS_SEARCH_USER_PATHS = NO;
				CLANG_CXX_LANGUAGE_STANDARD = "gnu++0x";
				CLANG_CXX_LIBRARY = "libc++";
				CLANG_ENABLE_MODULES = YES;
				CLANG_ENABLE_OBJC_ARC = YES;
				CLANG_WARN_BOOL_CONVERSION = YES;
				CLANG_WARN_CONSTANT_CONVERSION = YES;
				CLANG_WARN_DIRECT_OBJC_ISA_USAGE = YES_ERROR;
				CLANG_WARN_EMPTY_BODY = YES;
				CLANG_WARN_ENUM_CONVERSION = YES;
				CLANG_WARN_INT_CONVERSION = YES;
				CLANG_WARN_OBJC_ROOT_CLASS = YES_ERROR;
				CLANG_WARN_UNREACHABLE_CODE = YES;
				CLANG_WARN__DUPLICATE_METHOD_MATCH = YES;
				"CODE_SIGN_IDENTITY[sdk=iphoneos*]" = "iPhone Developer";
				COPY_PHASE_STRIP = NO;
				DEBUG_INFORMATION_FORMAT = "dwarf-with-dsym";
				ENABLE_NS_ASSERTIONS = NO;
				ENABLE_STRICT_OBJC_MSGSEND = YES;
				GCC_C_LANGUAGE_STANDARD = gnu99;
				GCC_NO_COMMON_BLOCKS = YES;
				GCC_WARN_64_TO_32_BIT_CONVERSION = YES;
				GCC_WARN_ABOUT_RETURN_TYPE = YES_ERROR;
				GCC_WARN_UNDECLARED_SELECTOR = YES;
				GCC_WARN_UNINITIALIZED_AUTOS = YES_AGGRESSIVE;
				GCC_WARN_UNUSED_FUNCTION = YES;
				GCC_WARN_UNUSED_VARIABLE = YES;
				IPHONEOS_DEPLOYMENT_TARGET = 8.4;
				MTL_ENABLE_DEBUG_INFO = NO;
				SDKROOT = iphoneos;
				VALIDATE_PRODUCT = YES;
			};
			name = Release;
		};
		67E817891B79A71D0062A606 /* Debug */ = {
			isa = XCBuildConfiguration;
			buildSettings = {
				ASSETCATALOG_COMPILER_APPICON_NAME = AppIcon;
				INFOPLIST_FILE = "Anchor Man/Info.plist";
				LD_RUNPATH_SEARCH_PATHS = "$(inherited) @executable_path/Frameworks";
				PRODUCT_NAME = "$(TARGET_NAME)";
			};
			name = Debug;
		};
		67E8178A1B79A71D0062A606 /* Release */ = {
			isa = XCBuildConfiguration;
			buildSettings = {
				ASSETCATALOG_COMPILER_APPICON_NAME = AppIcon;
				INFOPLIST_FILE = "Anchor Man/Info.plist";
				LD_RUNPATH_SEARCH_PATHS = "$(inherited) @executable_path/Frameworks";
				PRODUCT_NAME = "$(TARGET_NAME)";
			};
			name = Release;
		};
		67E8178C1B79A71D0062A606 /* Debug */ = {
			isa = XCBuildConfiguration;
			buildSettings = {
				BUNDLE_LOADER = "$(TEST_HOST)";
				FRAMEWORK_SEARCH_PATHS = (
					"$(SDKROOT)/Developer/Library/Frameworks",
					"$(inherited)",
				);
				GCC_PREPROCESSOR_DEFINITIONS = (
					"DEBUG=1",
					"$(inherited)",
				);
				INFOPLIST_FILE = "Anchor ManTests/Info.plist";
				LD_RUNPATH_SEARCH_PATHS = "$(inherited) @executable_path/Frameworks @loader_path/Frameworks";
				PRODUCT_NAME = "$(TARGET_NAME)";
				TEST_HOST = "$(BUILT_PRODUCTS_DIR)/Anchor Man.app/Anchor Man";
			};
			name = Debug;
		};
		67E8178D1B79A71D0062A606 /* Release */ = {
			isa = XCBuildConfiguration;
			buildSettings = {
				BUNDLE_LOADER = "$(TEST_HOST)";
				FRAMEWORK_SEARCH_PATHS = (
					"$(SDKROOT)/Developer/Library/Frameworks",
					"$(inherited)",
				);
				INFOPLIST_FILE = "Anchor ManTests/Info.plist";
				LD_RUNPATH_SEARCH_PATHS = "$(inherited) @executable_path/Frameworks @loader_path/Frameworks";
				PRODUCT_NAME = "$(TARGET_NAME)";
				TEST_HOST = "$(BUILT_PRODUCTS_DIR)/Anchor Man.app/Anchor Man";
			};
			name = Release;
		};
/* End XCBuildConfiguration section */

/* Begin XCConfigurationList section */
		67E817611B79A71D0062A606 /* Build configuration list for PBXProject "Anchor Man" */ = {
			isa = XCConfigurationList;
			buildConfigurations = (
				67E817861B79A71D0062A606 /* Debug */,
				67E817871B79A71D0062A606 /* Release */,
			);
			defaultConfigurationIsVisible = 0;
			defaultConfigurationName = Release;
		};
		67E817881B79A71D0062A606 /* Build configuration list for PBXNativeTarget "Anchor Man" */ = {
			isa = XCConfigurationList;
			buildConfigurations = (
				67E817891B79A71D0062A606 /* Debug */,
				67E8178A1B79A71D0062A606 /* Release */,
			);
			defaultConfigurationIsVisible = 0;
		};
		67E8178B1B79A71D0062A606 /* Build configuration list for PBXNativeTarget "Anchor ManTests" */ = {
			isa = XCConfigurationList;
			buildConfigurations = (
				67E8178C1B79A71D0062A606 /* Debug */,
				67E8178D1B79A71D0062A606 /* Release */,
			);
			defaultConfigurationIsVisible = 0;
		};
/* End XCConfigurationList section */

/* Begin XCVersionGroup section */
		67E8176D1B79A71D0062A606 /* Anchor_Man.xcdatamodeld */ = {
			isa = XCVersionGroup;
			children = (
				67E8176E1B79A71D0062A606 /* Anchor_Man.xcdatamodel */,
			);
			currentVersion = 67E8176E1B79A71D0062A606 /* Anchor_Man.xcdatamodel */;
			path = Anchor_Man.xcdatamodeld;
			sourceTree = "<group>";
			versionGroupType = wrapper.xcdatamodel;
		};
/* End XCVersionGroup section */
	};
	rootObject = 67E8175E1B79A71D0062A606 /* Project object */;
}
